
Microsoft Visual Studio Solution File, Format Version 12.00
# Visual Studio 14
VisualStudioVersion = 14.0.25420.1
MinimumVisualStudioVersion = 10.0.40219.1
Project("{FAE04EC0-301F-11D3-BF4B-00C04F79EFBC}") = "WebApiToTypeScript.TestWebApp", "WebApiToTypeScript.TestWebApp\WebApiToTypeScript.TestWebApp.csproj", "{3394F187-2CCB-4932-AC47-C389249FE9EF}"
EndProject
Project("{FAE04EC0-301F-11D3-BF4B-00C04F79EFBC}") = "WebApiToTypeScript", "WebApiToTypeScript\WebApiToTypeScript.csproj", "{8748A4FB-7350-44C0-8C59-3EA245E7C41C}"
EndProject
Global
	GlobalSection(SolutionConfigurationPlatforms) = preSolution
		Debug|Any CPU = Debug|Any CPU
		Release|Any CPU = Release|Any CPU
	EndGlobalSection
	GlobalSection(ProjectConfigurationPlatforms) = postSolution
		{3394F187-2CCB-4932-AC47-C389249FE9EF}.Debug|Any CPU.ActiveCfg = Debug|Any CPU
		{3394F187-2CCB-4932-AC47-C389249FE9EF}.Debug|Any CPU.Build.0 = Debug|Any CPU
		{3394F187-2CCB-4932-AC47-C389249FE9EF}.Release|Any CPU.ActiveCfg = Release|Any CPU
		{3394F187-2CCB-4932-AC47-C389249FE9EF}.Release|Any CPU.Build.0 = Release|Any CPU
		{8748A4FB-7350-44C0-8C59-3EA245E7C41C}.Debug|Any CPU.ActiveCfg = Debug|Any CPU
		{8748A4FB-7350-44C0-8C59-3EA245E7C41C}.Debug|Any CPU.Build.0 = Debug|Any CPU
		{8748A4FB-7350-44C0-8C59-3EA245E7C41C}.Release|Any CPU.ActiveCfg = Release|Any CPU
		{8748A4FB-7350-44C0-8C59-3EA245E7C41C}.Release|Any CPU.Build.0 = Release|Any CPU
	EndGlobalSection
	GlobalSection(SolutionProperties) = preSolution
		HideSolutionNode = FALSE
	EndGlobalSection
EndGlobal
